// !$*UTF8*$!
{
	archiveVersion = 1;
	classes = {
	};
	objectVersion = 50;
	objects = {

/* Begin PBXBuildFile section */
		7287004324A0F3EA00FD43B5 /* AppDelegate.swift in Sources */ = {isa = PBXBuildFile; fileRef = 7287004224A0F3EA00FD43B5 /* AppDelegate.swift */; };
		7287004524A0F3EA00FD43B5 /* SceneDelegate.swift in Sources */ = {isa = PBXBuildFile; fileRef = 7287004424A0F3EA00FD43B5 /* SceneDelegate.swift */; };
		7287004A24A0F3EA00FD43B5 /* Main.storyboard in Resources */ = {isa = PBXBuildFile; fileRef = 7287004824A0F3EA00FD43B5 /* Main.storyboard */; };
		7287004D24A0F3EA00FD43B5 /* ToDoList.xcdatamodeld in Sources */ = {isa = PBXBuildFile; fileRef = 7287004B24A0F3EA00FD43B5 /* ToDoList.xcdatamodeld */; };
		7287004F24A0F3F300FD43B5 /* Assets.xcassets in Resources */ = {isa = PBXBuildFile; fileRef = 7287004E24A0F3F300FD43B5 /* Assets.xcassets */; };
		7287005224A0F3F300FD43B5 /* LaunchScreen.storyboard in Resources */ = {isa = PBXBuildFile; fileRef = 7287005024A0F3F300FD43B5 /* LaunchScreen.storyboard */; };
		7287005A24A0F76700FD43B5 /* ToDoTableViewController.swift in Sources */ = {isa = PBXBuildFile; fileRef = 7287005924A0F76700FD43B5 /* ToDoTableViewController.swift */; };
		7287005C24A0F7DE00FD43B5 /* ToDo.swift in Sources */ = {isa = PBXBuildFile; fileRef = 7287005B24A0F7DE00FD43B5 /* ToDo.swift */; };
		72C64D0524A1D6F700CA0165 /* AddToDoViewController.swift in Sources */ = {isa = PBXBuildFile; fileRef = 72C64D0424A1D6F700CA0165 /* AddToDoViewController.swift */; };
/* End PBXBuildFile section */

/* Begin PBXFileReference section */
		7287003F24A0F3EA00FD43B5 /* ToDoList.app */ = {isa = PBXFileReference; explicitFileType = wrapper.application; includeInIndex = 0; path = ToDoList.app; sourceTree = BUILT_PRODUCTS_DIR; };
		7287004224A0F3EA00FD43B5 /* AppDelegate.swift */ = {isa = PBXFileReference; lastKnownFileType = sourcecode.swift; path = AppDelegate.swift; sourceTree = "<group>"; };
		7287004424A0F3EA00FD43B5 /* SceneDelegate.swift */ = {isa = PBXFileReference; lastKnownFileType = sourcecode.swift; path = SceneDelegate.swift; sourceTree = "<group>"; };
		7287004924A0F3EA00FD43B5 /* Base */ = {isa = PBXFileReference; lastKnownFileType = file.storyboard; name = Base; path = Base.lproj/Main.storyboard; sourceTree = "<group>"; };
		7287004C24A0F3EA00FD43B5 /* ToDoList.xcdatamodel */ = {isa = PBXFileReference; lastKnownFileType = wrapper.xcdatamodel; path = ToDoList.xcdatamodel; sourceTree = "<group>"; };
		7287004E24A0F3F300FD43B5 /* Assets.xcassets */ = {isa = PBXFileReference; lastKnownFileType = folder.assetcatalog; path = Assets.xcassets; sourceTree = "<group>"; };
		7287005124A0F3F300FD43B5 /* Base */ = {isa = PBXFileReference; lastKnownFileType = file.storyboard; name = Base; path = Base.lproj/LaunchScreen.storyboard; sourceTree = "<group>"; };
		7287005324A0F3F300FD43B5 /* Info.plist */ = {isa = PBXFileReference; lastKnownFileType = text.plist.xml; path = Info.plist; sourceTree = "<group>"; };
		7287005924A0F76700FD43B5 /* ToDoTableViewController.swift */ = {isa = PBXFileReference; lastKnownFileType = sourcecode.swift; path = ToDoTableViewController.swift; sourceTree = "<group>"; };
		7287005B24A0F7DE00FD43B5 /* ToDo.swift */ = {isa = PBXFileReference; lastKnownFileType = sourcecode.swift; path = ToDo.swift; sourceTree = "<group>"; };
		72C64D0424A1D6F700CA0165 /* AddToDoViewController.swift */ = {isa = PBXFileReference; lastKnownFileType = sourcecode.swift; path = AddToDoViewController.swift; sourceTree = "<group>"; };
/* End PBXFileReference section */

/* Begin PBXFrameworksBuildPhase section */
		7287003C24A0F3EA00FD43B5 /* Frameworks */ = {
			isa = PBXFrameworksBuildPhase;
			buildActionMask = 2147483647;
			files = (
			);
			runOnlyForDeploymentPostprocessing = 0;
		};
/* End PBXFrameworksBuildPhase section */

/* Begin PBXGroup section */
		7287003624A0F3EA00FD43B5 = {
			isa = PBXGroup;
			children = (
				7287004124A0F3EA00FD43B5 /* ToDoList */,
				7287004024A0F3EA00FD43B5 /* Products */,
			);
			sourceTree = "<group>";
		};
		7287004024A0F3EA00FD43B5 /* Products */ = {
			isa = PBXGroup;
			children = (
				7287003F24A0F3EA00FD43B5 /* ToDoList.app */,
			);
			name = Products;
			sourceTree = "<group>";
		};
		7287004124A0F3EA00FD43B5 /* ToDoList */ = {
			isa = PBXGroup;
			children = (
				7287004224A0F3EA00FD43B5 /* AppDelegate.swift */,
				7287004424A0F3EA00FD43B5 /* SceneDelegate.swift */,
				7287004824A0F3EA00FD43B5 /* Main.storyboard */,
				7287004E24A0F3F300FD43B5 /* Assets.xcassets */,
				7287005024A0F3F300FD43B5 /* LaunchScreen.storyboard */,
				7287005324A0F3F300FD43B5 /* Info.plist */,
				7287004B24A0F3EA00FD43B5 /* ToDoList.xcdatamodeld */,
				7287005924A0F76700FD43B5 /* ToDoTableViewController.swift */,
				7287005B24A0F7DE00FD43B5 /* ToDo.swift */,
				72C64D0424A1D6F700CA0165 /* AddToDoViewController.swift */,
			);
			path = ToDoList;
			sourceTree = "<group>";
		};
/* End PBXGroup section */

/* Begin PBXNativeTarget section */
		7287003E24A0F3EA00FD43B5 /* ToDoList */ = {
			isa = PBXNativeTarget;
			buildConfigurationList = 7287005624A0F3F300FD43B5 /* Build configuration list for PBXNativeTarget "ToDoList" */;
			buildPhases = (
				7287003B24A0F3EA00FD43B5 /* Sources */,
				7287003C24A0F3EA00FD43B5 /* Frameworks */,
				7287003D24A0F3EA00FD43B5 /* Resources */,
			);
			buildRules = (
			);
			dependencies = (
			);
			name = ToDoList;
			productName = ToDoList;
			productReference = 7287003F24A0F3EA00FD43B5 /* ToDoList.app */;
			productType = "com.apple.product-type.application";
		};
/* End PBXNativeTarget section */

/* Begin PBXProject section */
		7287003724A0F3EA00FD43B5 /* Project object */ = {
			isa = PBXProject;
			attributes = {
				LastSwiftUpdateCheck = 1150;
				LastUpgradeCheck = 1150;
				ORGANIZATIONNAME = "Sommaya Haque";
				TargetAttributes = {
					7287003E24A0F3EA00FD43B5 = {
						CreatedOnToolsVersion = 11.5;
					};
				};
			};
			buildConfigurationList = 7287003A24A0F3EA00FD43B5 /* Build configuration list for PBXProject "ToDoList" */;
			compatibilityVersion = "Xcode 9.3";
			developmentRegion = en;
			hasScannedForEncodings = 0;
			knownRegions = (
				en,
				Base,
			);
			mainGroup = 7287003624A0F3EA00FD43B5;
			productRefGroup = 7287004024A0F3EA00FD43B5 /* Products */;
			projectDirPath = "";
			projectRoot = "";
			targets = (
				7287003E24A0F3EA00FD43B5 /* ToDoList */,
			);
		};
/* End PBXProject section */

/* Begin PBXResourcesBuildPhase section */
		7287003D24A0F3EA00FD43B5 /* Resources */ = {
			isa = PBXResourcesBuildPhase;
			buildActionMask = 2147483647;
			files = (
				7287005224A0F3F300FD43B5 /* LaunchScreen.storyboard in Resources */,
				7287004F24A0F3F300FD43B5 /* Assets.xcassets in Resources */,
				7287004A24A0F3EA00FD43B5 /* Main.storyboard in Resources */,
			);
			runOnlyForDeploymentPostprocessing = 0;
		};
/* End PBXResourcesBuildPhase section */

/* Begin PBXSourcesBuildPhase section */
		7287003B24A0F3EA00FD43B5 /* Sources */ = {
			isa = PBXSourcesBuildPhase;
			buildActionMask = 2147483647;
			files = (
				7287004324A0F3EA00FD43B5 /* AppDelegate.swift in Sources */,
				7287005C24A0F7DE00FD43B5 /* ToDo.swift in Sources */,
				7287005A24A0F76700FD43B5 /* ToDoTableViewController.swift in Sources */,
				7287004524A0F3EA00FD43B5 /* SceneDelegate.swift in Sources */,
				72C64D0524A1D6F700CA0165 /* AddToDoViewController.swift in Sources */,
				7287004D24A0F3EA00FD43B5 /* ToDoList.xcdatamodeld in Sources */,
			);
			runOnlyForDeploymentPostprocessing = 0;
		};
/* End PBXSourcesBuildPhase section */

/* Begin PBXVariantGroup section */
		7287004824A0F3EA00FD43B5 /* Main.storyboard */ = {
			isa = PBXVariantGroup;
			children = (
				7287004924A0F3EA00FD43B5 /* Base */,
			);
			name = Main.storyboard;
			sourceTree = "<group>";
		};
		7287005024A0F3F300FD43B5 /* LaunchScreen.storyboard */ = {
			isa = PBXVariantGroup;
			children = (
				7287005124A0F3F300FD43B5 /* Base */,
			);
			name = LaunchScreen.storyboard;
			sourceTree = "<group>";
		};
/* End PBXVariantGroup section */

/* Begin XCBuildConfiguration section */
		7287005424A0F3F300FD43B5 /* Debug */ = {
			isa = XCBuildConfiguration;
			buildSettings = {
				ALWAYS_SEARCH_USER_PATHS = NO;
				CLANG_ANALYZER_NONNULL = YES;
				CLANG_ANALYZER_NUMBER_OBJECT_CONVERSION = YES_AGGRESSIVE;
				CLANG_CXX_LANGUAGE_STANDARD = "gnu++14";
				CLANG_CXX_LIBRARY = "libc++";
				CLANG_ENABLE_MODULES = YES;
				CLANG_ENABLE_OBJC_ARC = YES;
				CLANG_ENABLE_OBJC_WEAK = YES;
				CLANG_WARN_BLOCK_CAPTURE_AUTORELEASING = YES;
				CLANG_WARN_BOOL_CONVERSION = YES;
				CLANG_WARN_COMMA = YES;
				CLANG_WARN_CONSTANT_CONVERSION = YES;
				CLANG_WARN_DEPRECATED_OBJC_IMPLEMENTATIONS = YES;
				CLANG_WARN_DIRECT_OBJC_ISA_USAGE = YES_ERROR;
				CLANG_WARN_DOCUMENTATION_COMMENTS = YES;
				CLANG_WARN_EMPTY_BODY = YES;
				CLANG_WARN_ENUM_CONVERSION = YES;
				CLANG_WARN_INFINITE_RECURSION = YES;
				CLANG_WARN_INT_CONVERSION = YES;
				CLANG_WARN_NON_LITERAL_NULL_CONVERSION = YES;
				CLANG_WARN_OBJC_IMPLICIT_RETAIN_SELF = YES;
				CLANG_WARN_OBJC_LITERAL_CONVERSION = YES;
				CLANG_WARN_OBJC_ROOT_CLASS = YES_ERROR;
				CLANG_WARN_RANGE_LOOP_ANALYSIS = YES;
				CLANG_WARN_STRICT_PROTOTYPES = YES;
				CLANG_WARN_SUSPICIOUS_MOVE = YES;
				CLANG_WARN_UNGUARDED_AVAILABILITY = YES_AGGRESSIVE;
				CLANG_WARN_UNREACHABLE_CODE = YES;
				CLANG_WARN__DUPLICATE_METHOD_MATCH = YES;
				COPY_PHASE_STRIP = NO;
				DEBUG_INFORMATION_FORMAT = dwarf;
				ENABLE_STRICT_OBJC_MSGSEND = YES;
				ENABLE_TESTABILITY = YES;
				GCC_C_LANGUAGE_STANDARD = gnu11;
				GCC_DYNAMIC_NO_PIC = NO;
				GCC_NO_COMMON_BLOCKS = YES;
				GCC_OPTIMIZATION_LEVEL = 0;
				GCC_PREPROCESSOR_DEFINITIONS = (
					"DEBUG=1",
					"$(inherited)",
				);
				GCC_WARN_64_TO_32_BIT_CONVERSION = YES;
				GCC_WARN_ABOUT_RETURN_TYPE = YES_ERROR;
				GCC_WARN_UNDECLARED_SELECTOR = YES;
				GCC_WARN_UNINITIALIZED_AUTOS = YES_AGGRESSIVE;
				GCC_WARN_UNUSED_FUNCTION = YES;
				GCC_WARN_UNUSED_VARIABLE = YES;
				IPHONEOS_DEPLOYMENT_TARGET = 13.5;
				MTL_ENABLE_DEBUG_INFO = INCLUDE_SOURCE;
				MTL_FAST_MATH = YES;
				ONLY_ACTIVE_ARCH = YES;
				SDKROOT = iphoneos;
				SWIFT_ACTIVE_COMPILATION_CONDITIONS = DEBUG;
				SWIFT_OPTIMIZATION_LEVEL = "-Onone";
			};
			name = Debug;
		};
		7287005524A0F3F300FD43B5 /* Release */ = {
			isa = XCBuildConfiguration;
			buildSettings = {
				ALWAYS_SEARCH_USER_PATHS = NO;
				CLANG_ANALYZER_NONNULL = YES;
				CLANG_ANALYZER_NUMBER_OBJECT_CONVERSION = YES_AGGRESSIVE;
				CLANG_CXX_LANGUAGE_STANDARD = "gnu++14";
				CLANG_CXX_LIBRARY = "libc++";
				CLANG_ENABLE_MODULES = YES;
				CLANG_ENABLE_OBJC_ARC = YES;
				CLANG_ENABLE_OBJC_WEAK = YES;
				CLANG_WARN_BLOCK_CAPTURE_AUTORELEASING = YES;
				CLANG_WARN_BOOL_CONVERSION = YES;
				CLANG_WARN_COMMA = YES;
				CLANG_WARN_CONSTANT_CONVERSION = YES;
				CLANG_WARN_DEPRECATED_OBJC_IMPLEMENTATIONS = YES;
				CLANG_WARN_DIRECT_OBJC_ISA_USAGE = YES_ERROR;
				CLANG_WARN_DOCUMENTATION_COMMENTS = YES;
				CLANG_WARN_EMPTY_BODY = YES;
				CLANG_WARN_ENUM_CONVERSION = YES;
				CLANG_WARN_INFINITE_RECURSION = YES;
				CLANG_WARN_INT_CONVERSION = YES;
				CLANG_WARN_NON_LITERAL_NULL_CONVERSION = YES;
				CLANG_WARN_OBJC_IMPLICIT_RETAIN_SELF = YES;
				CLANG_WARN_OBJC_LITERAL_CONVERSION = YES;
				CLANG_WARN_OBJC_ROOT_CLASS = YES_ERROR;
				CLANG_WARN_RANGE_LOOP_ANALYSIS = YES;
				CLANG_WARN_STRICT_PROTOTYPES = YES;
				CLANG_WARN_SUSPICIOUS_MOVE = YES;
				CLANG_WARN_UNGUARDED_AVAILABILITY = YES_AGGRESSIVE;
				CLANG_WARN_UNREACHABLE_CODE = YES;
				CLANG_WARN__DUPLICATE_METHOD_MATCH = YES;
				COPY_PHASE_STRIP = NO;
				DEBUG_INFORMATION_FORMAT = "dwarf-with-dsym";
				ENABLE_NS_ASSERTIONS = NO;
				ENABLE_STRICT_OBJC_MSGSEND = YES;
				GCC_C_LANGUAGE_STANDARD = gnu11;
				GCC_NO_COMMON_BLOCKS = YES;
				GCC_WARN_64_TO_32_BIT_CONVERSION = YES;
				GCC_WARN_ABOUT_RETURN_TYPE = YES_ERROR;
				GCC_WARN_UNDECLARED_SELECTOR = YES;
				GCC_WARN_UNINITIALIZED_AUTOS = YES_AGGRESSIVE;
				GCC_WARN_UNUSED_FUNCTION = YES;
				GCC_WARN_UNUSED_VARIABLE = YES;
				IPHONEOS_DEPLOYMENT_TARGET = 13.5;
				MTL_ENABLE_DEBUG_INFO = NO;
				MTL_FAST_MATH = YES;
				SDKROOT = iphoneos;
				SWIFT_COMPILATION_MODE = wholemodule;
				SWIFT_OPTIMIZATION_LEVEL = "-O";
				VALIDATE_PRODUCT = YES;
			};
			name = Release;
		};
		7287005724A0F3F300FD43B5 /* Debug */ = {
			isa = XCBuildConfiguration;
			buildSettings = {
				ASSETCATALOG_COMPILER_APPICON_NAME = AppIcon;
				CODE_SIGN_STYLE = Automatic;
				INFOPLIST_FILE = ToDoList/Info.plist;
				LD_RUNPATH_SEARCH_PATHS = (
					"$(inherited)",
					"@executable_path/Frameworks",
				);
				PRODUCT_BUNDLE_IDENTIFIER = KWK.ToDoList;
				PRODUCT_NAME = "$(TARGET_NAME)";
				SWIFT_VERSION = 5.0;
				TARGETED_DEVICE_FAMILY = "1,2";
			};
			name = Debug;
		};
		7287005824A0F3F300FD43B5 /* Release */ = {
			isa = XCBuildConfiguration;
			buildSettings = {
				ASSETCATALOG_COMPILER_APPICON_NAME = AppIcon;
				CODE_SIGN_STYLE = Automatic;
				INFOPLIST_FILE = ToDoList/Info.plist;
				LD_RUNPATH_SEARCH_PATHS = (
					"$(inherited)",
					"@executable_path/Frameworks",
				);
				PRODUCT_BUNDLE_IDENTIFIER = KWK.ToDoList;
				PRODUCT_NAME = "$(TARGET_NAME)";
				SWIFT_VERSION = 5.0;
				TARGETED_DEVICE_FAMILY = "1,2";
			};
			name = Release;
		};
/* End XCBuildConfiguration section */

/* Begin XCConfigurationList section */
		7287003A24A0F3EA00FD43B5 /* Build configuration list for PBXProject "ToDoList" */ = {
			isa = XCConfigurationList;
			buildConfigurations = (
				7287005424A0F3F300FD43B5 /* Debug */,
				7287005524A0F3F300FD43B5 /* Release */,
			);
			defaultConfigurationIsVisible = 0;
			defaultConfigurationName = Release;
		};
		7287005624A0F3F300FD43B5 /* Build configuration list for PBXNativeTarget "ToDoList" */ = {
			isa = XCConfigurationList;
			buildConfigurations = (
				7287005724A0F3F300FD43B5 /* Debug */,
				7287005824A0F3F300FD43B5 /* Release */,
			);
			defaultConfigurationIsVisible = 0;
			defaultConfigurationName = Release;
		};
/* End XCConfigurationList section */

/* Begin XCVersionGroup section */
		7287004B24A0F3EA00FD43B5 /* ToDoList.xcdatamodeld */ = {
			isa = XCVersionGroup;
			children = (
				7287004C24A0F3EA00FD43B5 /* ToDoList.xcdatamodel */,
			);
			currentVersion = 7287004C24A0F3EA00FD43B5 /* ToDoList.xcdatamodel */;
			path = ToDoList.xcdatamodeld;
			sourceTree = "<group>";
			versionGroupType = wrapper.xcdatamodel;
		};
/* End XCVersionGroup section */
	};
	rootObject = 7287003724A0F3EA00FD43B5 /* Project object */;
}
